
Microsoft Visual Studio Solution File, Format Version 12.00
# Visual Studio Version 16
VisualStudioVersion = 16.0.30225.117
MinimumVisualStudioVersion = 10.0.40219.1
Project("{FAE04EC0-301F-11D3-BF4B-00C04F79EFBC}") = "CifraCesar", "CifraCesar\CifraCesar.csproj", "{9E247775-AAE0-498C-8B02-39FBF8B9773F}"
EndProject
Global
	GlobalSection(SolutionConfigurationPlatforms) = preSolution
		Debug|Any CPU = Debug|Any CPU
		Release|Any CPU = Release|Any CPU
	EndGlobalSection
	GlobalSection(ProjectConfigurationPlatforms) = postSolution
		{9E247775-AAE0-498C-8B02-39FBF8B9773F}.Debug|Any CPU.ActiveCfg = Debug|Any CPU
		{9E247775-AAE0-498C-8B02-39FBF8B9773F}.Debug|Any CPU.Build.0 = Debug|Any CPU
		{9E247775-AAE0-498C-8B02-39FBF8B9773F}.Release|Any CPU.ActiveCfg = Release|Any CPU
		{9E247775-AAE0-498C-8B02-39FBF8B9773F}.Release|Any CPU.Build.0 = Release|Any CPU
	EndGlobalSection
	GlobalSection(SolutionProperties) = preSolution
		HideSolutionNode = FALSE
	EndGlobalSection
	GlobalSection(ExtensibilityGlobals) = postSolution
		SolutionGuid = {88363E98-871A-4563-8DEE-73CAE6087670}
	EndGlobalSection
EndGlobal
